// !$*UTF8*$!
{
	archiveVersion = 1;
	classes = {
	};
	objectVersion = 50;
	objects = {

/* Begin PBXBuildFile section */
		828A9E8425D026FB004F030A /* PokeAppApp.swift in Sources */ = {isa = PBXBuildFile; fileRef = 828A9E8325D026FB004F030A /* PokeAppApp.swift */; };
		828A9E8625D026FB004F030A /* ContentView.swift in Sources */ = {isa = PBXBuildFile; fileRef = 828A9E8525D026FB004F030A /* ContentView.swift */; };
		828A9E8825D026FD004F030A /* Assets.xcassets in Resources */ = {isa = PBXBuildFile; fileRef = 828A9E8725D026FD004F030A /* Assets.xcassets */; };
		828A9E8B25D026FD004F030A /* Preview Assets.xcassets in Resources */ = {isa = PBXBuildFile; fileRef = 828A9E8A25D026FD004F030A /* Preview Assets.xcassets */; };
		828A9E9625D026FD004F030A /* PokeAppTests.swift in Sources */ = {isa = PBXBuildFile; fileRef = 828A9E9525D026FD004F030A /* PokeAppTests.swift */; };
		828A9EA125D026FD004F030A /* PokeAppUITests.swift in Sources */ = {isa = PBXBuildFile; fileRef = 828A9EA025D026FD004F030A /* PokeAppUITests.swift */; };
/* End PBXBuildFile section */

/* Begin PBXContainerItemProxy section */
		828A9E9225D026FD004F030A /* PBXContainerItemProxy */ = {
			isa = PBXContainerItemProxy;
			containerPortal = 828A9E7825D026FA004F030A /* Project object */;
			proxyType = 1;
			remoteGlobalIDString = 828A9E7F25D026FA004F030A;
			remoteInfo = PokeApp;
		};
		828A9E9D25D026FD004F030A /* PBXContainerItemProxy */ = {
			isa = PBXContainerItemProxy;
			containerPortal = 828A9E7825D026FA004F030A /* Project object */;
			proxyType = 1;
			remoteGlobalIDString = 828A9E7F25D026FA004F030A;
			remoteInfo = PokeApp;
		};
/* End PBXContainerItemProxy section */

/* Begin PBXFileReference section */
		828A9E8025D026FB004F030A /* PokeApp.app */ = {isa = PBXFileReference; explicitFileType = wrapper.application; includeInIndex = 0; path = PokeApp.app; sourceTree = BUILT_PRODUCTS_DIR; };
		828A9E8325D026FB004F030A /* PokeAppApp.swift */ = {isa = PBXFileReference; lastKnownFileType = sourcecode.swift; path = PokeAppApp.swift; sourceTree = "<group>"; };
		828A9E8525D026FB004F030A /* ContentView.swift */ = {isa = PBXFileReference; lastKnownFileType = sourcecode.swift; path = ContentView.swift; sourceTree = "<group>"; };
		828A9E8725D026FD004F030A /* Assets.xcassets */ = {isa = PBXFileReference; lastKnownFileType = folder.assetcatalog; path = Assets.xcassets; sourceTree = "<group>"; };
		828A9E8A25D026FD004F030A /* Preview Assets.xcassets */ = {isa = PBXFileReference; lastKnownFileType = folder.assetcatalog; path = "Preview Assets.xcassets"; sourceTree = "<group>"; };
		828A9E8C25D026FD004F030A /* Info.plist */ = {isa = PBXFileReference; lastKnownFileType = text.plist.xml; path = Info.plist; sourceTree = "<group>"; };
		828A9E9125D026FD004F030A /* PokeAppTests.xctest */ = {isa = PBXFileReference; explicitFileType = wrapper.cfbundle; includeInIndex = 0; path = PokeAppTests.xctest; sourceTree = BUILT_PRODUCTS_DIR; };
		828A9E9525D026FD004F030A /* PokeAppTests.swift */ = {isa = PBXFileReference; lastKnownFileType = sourcecode.swift; path = PokeAppTests.swift; sourceTree = "<group>"; };
		828A9E9725D026FD004F030A /* Info.plist */ = {isa = PBXFileReference; lastKnownFileType = text.plist.xml; path = Info.plist; sourceTree = "<group>"; };
		828A9E9C25D026FD004F030A /* PokeAppUITests.xctest */ = {isa = PBXFileReference; explicitFileType = wrapper.cfbundle; includeInIndex = 0; path = PokeAppUITests.xctest; sourceTree = BUILT_PRODUCTS_DIR; };
		828A9EA025D026FD004F030A /* PokeAppUITests.swift */ = {isa = PBXFileReference; lastKnownFileType = sourcecode.swift; path = PokeAppUITests.swift; sourceTree = "<group>"; };
		828A9EA225D026FD004F030A /* Info.plist */ = {isa = PBXFileReference; lastKnownFileType = text.plist.xml; path = Info.plist; sourceTree = "<group>"; };
/* End PBXFileReference section */

/* Begin PBXFrameworksBuildPhase section */
		828A9E7D25D026FA004F030A /* Frameworks */ = {
			isa = PBXFrameworksBuildPhase;
			buildActionMask = 2147483647;
			files = (
			);
			runOnlyForDeploymentPostprocessing = 0;
		};
		828A9E8E25D026FD004F030A /* Frameworks */ = {
			isa = PBXFrameworksBuildPhase;
			buildActionMask = 2147483647;
			files = (
			);
			runOnlyForDeploymentPostprocessing = 0;
		};
		828A9E9925D026FD004F030A /* Frameworks */ = {
			isa = PBXFrameworksBuildPhase;
			buildActionMask = 2147483647;
			files = (
			);
			runOnlyForDeploymentPostprocessing = 0;
		};
/* End PBXFrameworksBuildPhase section */

/* Begin PBXGroup section */
		828A9E7725D026FA004F030A = {
			isa = PBXGroup;
			children = (
				828A9E8225D026FB004F030A /* PokeApp */,
				828A9E9425D026FD004F030A /* PokeAppTests */,
				828A9E9F25D026FD004F030A /* PokeAppUITests */,
				828A9E8125D026FB004F030A /* Products */,
			);
			sourceTree = "<group>";
		};
		828A9E8125D026FB004F030A /* Products */ = {
			isa = PBXGroup;
			children = (
				828A9E8025D026FB004F030A /* PokeApp.app */,
				828A9E9125D026FD004F030A /* PokeAppTests.xctest */,
				828A9E9C25D026FD004F030A /* PokeAppUITests.xctest */,
			);
			name = Products;
			sourceTree = "<group>";
		};
		828A9E8225D026FB004F030A /* PokeApp */ = {
			isa = PBXGroup;
			children = (
				828A9E8325D026FB004F030A /* PokeAppApp.swift */,
				828A9E8525D026FB004F030A /* ContentView.swift */,
				828A9E8725D026FD004F030A /* Assets.xcassets */,
				828A9E8C25D026FD004F030A /* Info.plist */,
				828A9E8925D026FD004F030A /* Preview Content */,
			);
			path = PokeApp;
			sourceTree = "<group>";
		};
		828A9E8925D026FD004F030A /* Preview Content */ = {
			isa = PBXGroup;
			children = (
				828A9E8A25D026FD004F030A /* Preview Assets.xcassets */,
			);
			path = "Preview Content";
			sourceTree = "<group>";
		};
		828A9E9425D026FD004F030A /* PokeAppTests */ = {
			isa = PBXGroup;
			children = (
				828A9E9525D026FD004F030A /* PokeAppTests.swift */,
				828A9E9725D026FD004F030A /* Info.plist */,
			);
			path = PokeAppTests;
			sourceTree = "<group>";
		};
		828A9E9F25D026FD004F030A /* PokeAppUITests */ = {
			isa = PBXGroup;
			children = (
				828A9EA025D026FD004F030A /* PokeAppUITests.swift */,
				828A9EA225D026FD004F030A /* Info.plist */,
			);
			path = PokeAppUITests;
			sourceTree = "<group>";
		};
/* End PBXGroup section */

/* Begin PBXNativeTarget section */
		828A9E7F25D026FA004F030A /* PokeApp */ = {
			isa = PBXNativeTarget;
			buildConfigurationList = 828A9EA525D026FD004F030A /* Build configuration list for PBXNativeTarget "PokeApp" */;
			buildPhases = (
				828A9E7C25D026FA004F030A /* Sources */,
				828A9E7D25D026FA004F030A /* Frameworks */,
				828A9E7E25D026FA004F030A /* Resources */,
			);
			buildRules = (
			);
			dependencies = (
			);
			name = PokeApp;
			productName = PokeApp;
			productReference = 828A9E8025D026FB004F030A /* PokeApp.app */;
			productType = "com.apple.product-type.application";
		};
		828A9E9025D026FD004F030A /* PokeAppTests */ = {
			isa = PBXNativeTarget;
			buildConfigurationList = 828A9EA825D026FD004F030A /* Build configuration list for PBXNativeTarget "PokeAppTests" */;
			buildPhases = (
				828A9E8D25D026FD004F030A /* Sources */,
				828A9E8E25D026FD004F030A /* Frameworks */,
				828A9E8F25D026FD004F030A /* Resources */,
			);
			buildRules = (
			);
			dependencies = (
				828A9E9325D026FD004F030A /* PBXTargetDependency */,
			);
			name = PokeAppTests;
			productName = PokeAppTests;
			productReference = 828A9E9125D026FD004F030A /* PokeAppTests.xctest */;
			productType = "com.apple.product-type.bundle.unit-test";
		};
		828A9E9B25D026FD004F030A /* PokeAppUITests */ = {
			isa = PBXNativeTarget;
			buildConfigurationList = 828A9EAB25D026FD004F030A /* Build configuration list for PBXNativeTarget "PokeAppUITests" */;
			buildPhases = (
				828A9E9825D026FD004F030A /* Sources */,
				828A9E9925D026FD004F030A /* Frameworks */,
				828A9E9A25D026FD004F030A /* Resources */,
			);
			buildRules = (
			);
			dependencies = (
				828A9E9E25D026FD004F030A /* PBXTargetDependency */,
			);
			name = PokeAppUITests;
			productName = PokeAppUITests;
			productReference = 828A9E9C25D026FD004F030A /* PokeAppUITests.xctest */;
			productType = "com.apple.product-type.bundle.ui-testing";
		};
/* End PBXNativeTarget section */

/* Begin PBXProject section */
		828A9E7825D026FA004F030A /* Project object */ = {
			isa = PBXProject;
			attributes = {
				LastSwiftUpdateCheck = 1240;
				LastUpgradeCheck = 1240;
				TargetAttributes = {
					828A9E7F25D026FA004F030A = {
						CreatedOnToolsVersion = 12.4;
					};
					828A9E9025D026FD004F030A = {
						CreatedOnToolsVersion = 12.4;
						TestTargetID = 828A9E7F25D026FA004F030A;
					};
					828A9E9B25D026FD004F030A = {
						CreatedOnToolsVersion = 12.4;
						TestTargetID = 828A9E7F25D026FA004F030A;
					};
				};
			};
			buildConfigurationList = 828A9E7B25D026FA004F030A /* Build configuration list for PBXProject "PokeApp" */;
			compatibilityVersion = "Xcode 9.3";
			developmentRegion = en;
			hasScannedForEncodings = 0;
			knownRegions = (
				en,
				Base,
			);
			mainGroup = 828A9E7725D026FA004F030A;
			productRefGroup = 828A9E8125D026FB004F030A /* Products */;
			projectDirPath = "";
			projectRoot = "";
			targets = (
				828A9E7F25D026FA004F030A /* PokeApp */,
				828A9E9025D026FD004F030A /* PokeAppTests */,
				828A9E9B25D026FD004F030A /* PokeAppUITests */,
			);
		};
/* End PBXProject section */

/* Begin PBXResourcesBuildPhase section */
		828A9E7E25D026FA004F030A /* Resources */ = {
			isa = PBXResourcesBuildPhase;
			buildActionMask = 2147483647;
			files = (
				828A9E8B25D026FD004F030A /* Preview Assets.xcassets in Resources */,
				828A9E8825D026FD004F030A /* Assets.xcassets in Resources */,
			);
			runOnlyForDeploymentPostprocessing = 0;
		};
		828A9E8F25D026FD004F030A /* Resources */ = {
			isa = PBXResourcesBuildPhase;
			buildActionMask = 2147483647;
			files = (
			);
			runOnlyForDeploymentPostprocessing = 0;
		};
		828A9E9A25D026FD004F030A /* Resources */ = {
			isa = PBXResourcesBuildPhase;
			buildActionMask = 2147483647;
			files = (
			);
			runOnlyForDeploymentPostprocessing = 0;
		};
/* End PBXResourcesBuildPhase section */

/* Begin PBXSourcesBuildPhase section */
		828A9E7C25D026FA004F030A /* Sources */ = {
			isa = PBXSourcesBuildPhase;
			buildActionMask = 2147483647;
			files = (
				828A9E8625D026FB004F030A /* ContentView.swift in Sources */,
				828A9E8425D026FB004F030A /* PokeAppApp.swift in Sources */,
			);
			runOnlyForDeploymentPostprocessing = 0;
		};
		828A9E8D25D026FD004F030A /* Sources */ = {
			isa = PBXSourcesBuildPhase;
			buildActionMask = 2147483647;
			files = (
				828A9E9625D026FD004F030A /* PokeAppTests.swift in Sources */,
			);
			runOnlyForDeploymentPostprocessing = 0;
		};
		828A9E9825D026FD004F030A /* Sources */ = {
			isa = PBXSourcesBuildPhase;
			buildActionMask = 2147483647;
			files = (
				828A9EA125D026FD004F030A /* PokeAppUITests.swift in Sources */,
			);
			runOnlyForDeploymentPostprocessing = 0;
		};
/* End PBXSourcesBuildPhase section */

/* Begin PBXTargetDependency section */
		828A9E9325D026FD004F030A /* PBXTargetDependency */ = {
			isa = PBXTargetDependency;
			target = 828A9E7F25D026FA004F030A /* PokeApp */;
			targetProxy = 828A9E9225D026FD004F030A /* PBXContainerItemProxy */;
		};
		828A9E9E25D026FD004F030A /* PBXTargetDependency */ = {
			isa = PBXTargetDependency;
			target = 828A9E7F25D026FA004F030A /* PokeApp */;
			targetProxy = 828A9E9D25D026FD004F030A /* PBXContainerItemProxy */;
		};
/* End PBXTargetDependency section */

/* Begin XCBuildConfiguration section */
		828A9EA325D026FD004F030A /* Debug */ = {
			isa = XCBuildConfiguration;
			buildSettings = {
				ALWAYS_SEARCH_USER_PATHS = NO;
				CLANG_ANALYZER_NONNULL = YES;
				CLANG_ANALYZER_NUMBER_OBJECT_CONVERSION = YES_AGGRESSIVE;
				CLANG_CXX_LANGUAGE_STANDARD = "gnu++14";
				CLANG_CXX_LIBRARY = "libc++";
				CLANG_ENABLE_MODULES = YES;
				CLANG_ENABLE_OBJC_ARC = YES;
				CLANG_ENABLE_OBJC_WEAK = YES;
				CLANG_WARN_BLOCK_CAPTURE_AUTORELEASING = YES;
				CLANG_WARN_BOOL_CONVERSION = YES;
				CLANG_WARN_COMMA = YES;
				CLANG_WARN_CONSTANT_CONVERSION = YES;
				CLANG_WARN_DEPRECATED_OBJC_IMPLEMENTATIONS = YES;
				CLANG_WARN_DIRECT_OBJC_ISA_USAGE = YES_ERROR;
				CLANG_WARN_DOCUMENTATION_COMMENTS = YES;
				CLANG_WARN_EMPTY_BODY = YES;
				CLANG_WARN_ENUM_CONVERSION = YES;
				CLANG_WARN_INFINITE_RECURSION = YES;
				CLANG_WARN_INT_CONVERSION = YES;
				CLANG_WARN_NON_LITERAL_NULL_CONVERSION = YES;
				CLANG_WARN_OBJC_IMPLICIT_RETAIN_SELF = YES;
				CLANG_WARN_OBJC_LITERAL_CONVERSION = YES;
				CLANG_WARN_OBJC_ROOT_CLASS = YES_ERROR;
				CLANG_WARN_QUOTED_INCLUDE_IN_FRAMEWORK_HEADER = YES;
				CLANG_WARN_RANGE_LOOP_ANALYSIS = YES;
				CLANG_WARN_STRICT_PROTOTYPES = YES;
				CLANG_WARN_SUSPICIOUS_MOVE = YES;
				CLANG_WARN_UNGUARDED_AVAILABILITY = YES_AGGRESSIVE;
				CLANG_WARN_UNREACHABLE_CODE = YES;
				CLANG_WARN__DUPLICATE_METHOD_MATCH = YES;
				COPY_PHASE_STRIP = NO;
				DEBUG_INFORMATION_FORMAT = dwarf;
				ENABLE_STRICT_OBJC_MSGSEND = YES;
				ENABLE_TESTABILITY = YES;
				GCC_C_LANGUAGE_STANDARD = gnu11;
				GCC_DYNAMIC_NO_PIC = NO;
				GCC_NO_COMMON_BLOCKS = YES;
				GCC_OPTIMIZATION_LEVEL = 0;
				GCC_PREPROCESSOR_DEFINITIONS = (
					"DEBUG=1",
					"$(inherited)",
				);
				GCC_WARN_64_TO_32_BIT_CONVERSION = YES;
				GCC_WARN_ABOUT_RETURN_TYPE = YES_ERROR;
				GCC_WARN_UNDECLARED_SELECTOR = YES;
				GCC_WARN_UNINITIALIZED_AUTOS = YES_AGGRESSIVE;
				GCC_WARN_UNUSED_FUNCTION = YES;
				GCC_WARN_UNUSED_VARIABLE = YES;
				IPHONEOS_DEPLOYMENT_TARGET = 14.4;
				MTL_ENABLE_DEBUG_INFO = INCLUDE_SOURCE;
				MTL_FAST_MATH = YES;
				ONLY_ACTIVE_ARCH = YES;
				SDKROOT = iphoneos;
				SWIFT_ACTIVE_COMPILATION_CONDITIONS = DEBUG;
				SWIFT_OPTIMIZATION_LEVEL = "-Onone";
			};
			name = Debug;
		};
		828A9EA425D026FD004F030A /* Release */ = {
			isa = XCBuildConfiguration;
			buildSettings = {
				ALWAYS_SEARCH_USER_PATHS = NO;
				CLANG_ANALYZER_NONNULL = YES;
				CLANG_ANALYZER_NUMBER_OBJECT_CONVERSION = YES_AGGRESSIVE;
				CLANG_CXX_LANGUAGE_STANDARD = "gnu++14";
				CLANG_CXX_LIBRARY = "libc++";
				CLANG_ENABLE_MODULES = YES;
				CLANG_ENABLE_OBJC_ARC = YES;
				CLANG_ENABLE_OBJC_WEAK = YES;
				CLANG_WARN_BLOCK_CAPTURE_AUTORELEASING = YES;
				CLANG_WARN_BOOL_CONVERSION = YES;
				CLANG_WARN_COMMA = YES;
				CLANG_WARN_CONSTANT_CONVERSION = YES;
				CLANG_WARN_DEPRECATED_OBJC_IMPLEMENTATIONS = YES;
				CLANG_WARN_DIRECT_OBJC_ISA_USAGE = YES_ERROR;
				CLANG_WARN_DOCUMENTATION_COMMENTS = YES;
				CLANG_WARN_EMPTY_BODY = YES;
				CLANG_WARN_ENUM_CONVERSION = YES;
				CLANG_WARN_INFINITE_RECURSION = YES;
				CLANG_WARN_INT_CONVERSION = YES;
				CLANG_WARN_NON_LITERAL_NULL_CONVERSION = YES;
				CLANG_WARN_OBJC_IMPLICIT_RETAIN_SELF = YES;
				CLANG_WARN_OBJC_LITERAL_CONVERSION = YES;
				CLANG_WARN_OBJC_ROOT_CLASS = YES_ERROR;
				CLANG_WARN_QUOTED_INCLUDE_IN_FRAMEWORK_HEADER = YES;
				CLANG_WARN_RANGE_LOOP_ANALYSIS = YES;
				CLANG_WARN_STRICT_PROTOTYPES = YES;
				CLANG_WARN_SUSPICIOUS_MOVE = YES;
				CLANG_WARN_UNGUARDED_AVAILABILITY = YES_AGGRESSIVE;
				CLANG_WARN_UNREACHABLE_CODE = YES;
				CLANG_WARN__DUPLICATE_METHOD_MATCH = YES;
				COPY_PHASE_STRIP = NO;
				DEBUG_INFORMATION_FORMAT = "dwarf-with-dsym";
				ENABLE_NS_ASSERTIONS = NO;
				ENABLE_STRICT_OBJC_MSGSEND = YES;
				GCC_C_LANGUAGE_STANDARD = gnu11;
				GCC_NO_COMMON_BLOCKS = YES;
				GCC_WARN_64_TO_32_BIT_CONVERSION = YES;
				GCC_WARN_ABOUT_RETURN_TYPE = YES_ERROR;
				GCC_WARN_UNDECLARED_SELECTOR = YES;
				GCC_WARN_UNINITIALIZED_AUTOS = YES_AGGRESSIVE;
				GCC_WARN_UNUSED_FUNCTION = YES;
				GCC_WARN_UNUSED_VARIABLE = YES;
				IPHONEOS_DEPLOYMENT_TARGET = 14.4;
				MTL_ENABLE_DEBUG_INFO = NO;
				MTL_FAST_MATH = YES;
				SDKROOT = iphoneos;
				SWIFT_COMPILATION_MODE = wholemodule;
				SWIFT_OPTIMIZATION_LEVEL = "-O";
				VALIDATE_PRODUCT = YES;
			};
			name = Release;
		};
		828A9EA625D026FD004F030A /* Debug */ = {
			isa = XCBuildConfiguration;
			buildSettings = {
				ASSETCATALOG_COMPILER_APPICON_NAME = AppIcon;
				ASSETCATALOG_COMPILER_GLOBAL_ACCENT_COLOR_NAME = AccentColor;
				CODE_SIGN_STYLE = Automatic;
				DEVELOPMENT_ASSET_PATHS = "\"PokeApp/Preview Content\"";
				DEVELOPMENT_TEAM = NH779Z383B;
				ENABLE_PREVIEWS = YES;
				INFOPLIST_FILE = PokeApp/Info.plist;
				IPHONEOS_DEPLOYMENT_TARGET = 14.0;
				LD_RUNPATH_SEARCH_PATHS = (
					"$(inherited)",
					"@executable_path/Frameworks",
				);
				PRODUCT_BUNDLE_IDENTIFIER = com.PokeApp;
				PRODUCT_NAME = "$(TARGET_NAME)";
				SWIFT_VERSION = 5.0;
				TARGETED_DEVICE_FAMILY = "1,2";
			};
			name = Debug;
		};
		828A9EA725D026FD004F030A /* Release */ = {
			isa = XCBuildConfiguration;
			buildSettings = {
				ASSETCATALOG_COMPILER_APPICON_NAME = AppIcon;
				ASSETCATALOG_COMPILER_GLOBAL_ACCENT_COLOR_NAME = AccentColor;
				CODE_SIGN_STYLE = Automatic;
				DEVELOPMENT_ASSET_PATHS = "\"PokeApp/Preview Content\"";
				DEVELOPMENT_TEAM = NH779Z383B;
				ENABLE_PREVIEWS = YES;
				INFOPLIST_FILE = PokeApp/Info.plist;
				IPHONEOS_DEPLOYMENT_TARGET = 14.0;
				LD_RUNPATH_SEARCH_PATHS = (
					"$(inherited)",
					"@executable_path/Frameworks",
				);
				PRODUCT_BUNDLE_IDENTIFIER = com.PokeApp;
				PRODUCT_NAME = "$(TARGET_NAME)";
				SWIFT_VERSION = 5.0;
				TARGETED_DEVICE_FAMILY = "1,2";
			};
			name = Release;
		};
		828A9EA925D026FD004F030A /* Debug */ = {
			isa = XCBuildConfiguration;
			buildSettings = {
				ALWAYS_EMBED_SWIFT_STANDARD_LIBRARIES = YES;
				BUNDLE_LOADER = "$(TEST_HOST)";
				CODE_SIGN_STYLE = Automatic;
				DEVELOPMENT_TEAM = NH779Z383B;
				INFOPLIST_FILE = PokeAppTests/Info.plist;
				IPHONEOS_DEPLOYMENT_TARGET = 14.0;
				LD_RUNPATH_SEARCH_PATHS = (
					"$(inherited)",
					"@executable_path/Frameworks",
					"@loader_path/Frameworks",
				);
				PRODUCT_BUNDLE_IDENTIFIER = com.PokeAppTests;
				PRODUCT_NAME = "$(TARGET_NAME)";
				SWIFT_VERSION = 5.0;
				TARGETED_DEVICE_FAMILY = "1,2";
				TEST_HOST = "$(BUILT_PRODUCTS_DIR)/PokeApp.app/PokeApp";
			};
			name = Debug;
		};
		828A9EAA25D026FD004F030A /* Release */ = {
			isa = XCBuildConfiguration;
			buildSettings = {
				ALWAYS_EMBED_SWIFT_STANDARD_LIBRARIES = YES;
				BUNDLE_LOADER = "$(TEST_HOST)";
				CODE_SIGN_STYLE = Automatic;
				DEVELOPMENT_TEAM = NH779Z383B;
				INFOPLIST_FILE = PokeAppTests/Info.plist;
				IPHONEOS_DEPLOYMENT_TARGET = 14.0;
				LD_RUNPATH_SEARCH_PATHS = (
					"$(inherited)",
					"@executable_path/Frameworks",
					"@loader_path/Frameworks",
				);
				PRODUCT_BUNDLE_IDENTIFIER = com.PokeAppTests;
				PRODUCT_NAME = "$(TARGET_NAME)";
				SWIFT_VERSION = 5.0;
				TARGETED_DEVICE_FAMILY = "1,2";
				TEST_HOST = "$(BUILT_PRODUCTS_DIR)/PokeApp.app/PokeApp";
			};
			name = Release;
		};
		828A9EAC25D026FD004F030A /* Debug */ = {
			isa = XCBuildConfiguration;
			buildSettings = {
				ALWAYS_EMBED_SWIFT_STANDARD_LIBRARIES = YES;
				CODE_SIGN_STYLE = Automatic;
				DEVELOPMENT_TEAM = NH779Z383B;
				INFOPLIST_FILE = PokeAppUITests/Info.plist;
				LD_RUNPATH_SEARCH_PATHS = (
					"$(inherited)",
					"@executable_path/Frameworks",
					"@loader_path/Frameworks",
				);
				PRODUCT_BUNDLE_IDENTIFIER = com.PokeAppUITests;
				PRODUCT_NAME = "$(TARGET_NAME)";
				SWIFT_VERSION = 5.0;
				TARGETED_DEVICE_FAMILY = "1,2";
				TEST_TARGET_NAME = PokeApp;
			};
			name = Debug;
		};
		828A9EAD25D026FD004F030A /* Release */ = {
			isa = XCBuildConfiguration;
			buildSettings = {
				ALWAYS_EMBED_SWIFT_STANDARD_LIBRARIES = YES;
				CODE_SIGN_STYLE = Automatic;
				DEVELOPMENT_TEAM = NH779Z383B;
				INFOPLIST_FILE = PokeAppUITests/Info.plist;
				LD_RUNPATH_SEARCH_PATHS = (
					"$(inherited)",
					"@executable_path/Frameworks",
					"@loader_path/Frameworks",
				);
				PRODUCT_BUNDLE_IDENTIFIER = com.PokeAppUITests;
				PRODUCT_NAME = "$(TARGET_NAME)";
				SWIFT_VERSION = 5.0;
				TARGETED_DEVICE_FAMILY = "1,2";
				TEST_TARGET_NAME = PokeApp;
			};
			name = Release;
		};
/* End XCBuildConfiguration section */

/* Begin XCConfigurationList section */
		828A9E7B25D026FA004F030A /* Build configuration list for PBXProject "PokeApp" */ = {
			isa = XCConfigurationList;
			buildConfigurations = (
				828A9EA325D026FD004F030A /* Debug */,
				828A9EA425D026FD004F030A /* Release */,
			);
			defaultConfigurationIsVisible = 0;
			defaultConfigurationName = Release;
		};
		828A9EA525D026FD004F030A /* Build configuration list for PBXNativeTarget "PokeApp" */ = {
			isa = XCConfigurationList;
			buildConfigurations = (
				828A9EA625D026FD004F030A /* Debug */,
				828A9EA725D026FD004F030A /* Release */,
			);
			defaultConfigurationIsVisible = 0;
			defaultConfigurationName = Release;
		};
		828A9EA825D026FD004F030A /* Build configuration list for PBXNativeTarget "PokeAppTests" */ = {
			isa = XCConfigurationList;
			buildConfigurations = (
				828A9EA925D026FD004F030A /* Debug */,
				828A9EAA25D026FD004F030A /* Release */,
			);
			defaultConfigurationIsVisible = 0;
			defaultConfigurationName = Release;
		};
		828A9EAB25D026FD004F030A /* Build configuration list for PBXNativeTarget "PokeAppUITests" */ = {
			isa = XCConfigurationList;
			buildConfigurations = (
				828A9EAC25D026FD004F030A /* Debug */,
				828A9EAD25D026FD004F030A /* Release */,
			);
			defaultConfigurationIsVisible = 0;
			defaultConfigurationName = Release;
		};
/* End XCConfigurationList section */
	};
	rootObject = 828A9E7825D026FA004F030A /* Project object */;
}
